// !$*UTF8*$!
{
	archiveVersion = 1;
	classes = {
	};
	objectVersion = 48;
	objects = {

/* Begin PBXBuildFile section */
		6027E7EB21A3CAB700887BCB /* AddItemViewController.swift in Sources */ = {isa = PBXBuildFile; fileRef = 6027E7EA21A3CAB700887BCB /* AddItemViewController.swift */; };
		60BAA36E21AA4FB40049DC25 /* MapViewController.swift in Sources */ = {isa = PBXBuildFile; fileRef = 60BAA36D21AA4FB40049DC25 /* MapViewController.swift */; };
		820860DF219F8D2700BCAED0 /* AppDelegate.swift in Sources */ = {isa = PBXBuildFile; fileRef = 820860DE219F8D2700BCAED0 /* AppDelegate.swift */; };
		820860E1219F8D2700BCAED0 /* MainViewController.swift in Sources */ = {isa = PBXBuildFile; fileRef = 820860E0219F8D2700BCAED0 /* MainViewController.swift */; };
		820860E4219F8D2700BCAED0 /* Main.storyboard in Resources */ = {isa = PBXBuildFile; fileRef = 820860E2219F8D2700BCAED0 /* Main.storyboard */; };
		820860E7219F8D2700BCAED0 /* BAH_Application.xcdatamodeld in Sources */ = {isa = PBXBuildFile; fileRef = 820860E5219F8D2700BCAED0 /* BAH_Application.xcdatamodeld */; };
		820860E9219F8D2800BCAED0 /* Assets.xcassets in Resources */ = {isa = PBXBuildFile; fileRef = 820860E8219F8D2800BCAED0 /* Assets.xcassets */; };
		820860EC219F8D2800BCAED0 /* LaunchScreen.storyboard in Resources */ = {isa = PBXBuildFile; fileRef = 820860EA219F8D2800BCAED0 /* LaunchScreen.storyboard */; };
		825EEDE121BC5F18003FE13A /* NutritionData.swift in Sources */ = {isa = PBXBuildFile; fileRef = 825EEDE021BC5F18003FE13A /* NutritionData.swift */; };
		825EEDE721BC77BB003FE13A /* Item+CoreDataClass.swift in Sources */ = {isa = PBXBuildFile; fileRef = 825EEDE321BC77BB003FE13A /* Item+CoreDataClass.swift */; };
		825EEDE821BC77BB003FE13A /* Item+CoreDataProperties.swift in Sources */ = {isa = PBXBuildFile; fileRef = 825EEDE421BC77BB003FE13A /* Item+CoreDataProperties.swift */; };
		825EEDE921BC77BB003FE13A /* GroceryList+CoreDataClass.swift in Sources */ = {isa = PBXBuildFile; fileRef = 825EEDE521BC77BB003FE13A /* GroceryList+CoreDataClass.swift */; };
		825EEDEA21BC77BB003FE13A /* GroceryList+CoreDataProperties.swift in Sources */ = {isa = PBXBuildFile; fileRef = 825EEDE621BC77BB003FE13A /* GroceryList+CoreDataProperties.swift */; };
		C0795C8821B9CAAB00241ACB /* LogoGraphic.swift in Sources */ = {isa = PBXBuildFile; fileRef = C0795C8721B9CAAB00241ACB /* LogoGraphic.swift */; };
		CC0F304621A4E0130099EBBA /* GroceryImages.bundle in Resources */ = {isa = PBXBuildFile; fileRef = CC0F304521A4E0130099EBBA /* GroceryImages.bundle */; };
		CC0F306021A69DEE0099EBBA /* Globals.swift in Sources */ = {isa = PBXBuildFile; fileRef = CC0F305F21A69DEE0099EBBA /* Globals.swift */; };
		CC0F306221A6A1400099EBBA /* CustomItemViewController.swift in Sources */ = {isa = PBXBuildFile; fileRef = CC0F306121A6A1400099EBBA /* CustomItemViewController.swift */; };
		CC0F306421AA09670099EBBA /* GroceryListViewController.swift in Sources */ = {isa = PBXBuildFile; fileRef = CC0F306321AA09670099EBBA /* GroceryListViewController.swift */; };
		CC0F306621AA0F7A0099EBBA /* GroceryListTableViewCell.swift in Sources */ = {isa = PBXBuildFile; fileRef = CC0F306521AA0F7A0099EBBA /* GroceryListTableViewCell.swift */; };
		CC9F24DA21A399A8002D5240 /* GroceryImagesCollectionViewCell.swift in Sources */ = {isa = PBXBuildFile; fileRef = CC9F24D921A399A8002D5240 /* GroceryImagesCollectionViewCell.swift */; };
		CCA2AA9321B65E7500E61B12 /* AddButton.swift in Sources */ = {isa = PBXBuildFile; fileRef = CCA2AA9221B65E7500E61B12 /* AddButton.swift */; };
		CCA2AA9521B79D0A00E61B12 /* NutritionsAPI.swift in Sources */ = {isa = PBXBuildFile; fileRef = CCA2AA9421B79D0A00E61B12 /* NutritionsAPI.swift */; };
		CCF8324121B4C4D70012026F /* GroceryItemTableViewCell.swift in Sources */ = {isa = PBXBuildFile; fileRef = CCF8324021B4C4D70012026F /* GroceryItemTableViewCell.swift */; };
/* End PBXBuildFile section */

/* Begin PBXFileReference section */
		6027E7EA21A3CAB700887BCB /* AddItemViewController.swift */ = {isa = PBXFileReference; lastKnownFileType = sourcecode.swift; path = AddItemViewController.swift; sourceTree = "<group>"; };
		60BAA36D21AA4FB40049DC25 /* MapViewController.swift */ = {isa = PBXFileReference; lastKnownFileType = sourcecode.swift; path = MapViewController.swift; sourceTree = "<group>"; };
		820860DB219F8D2700BCAED0 /* BAH_Application.app */ = {isa = PBXFileReference; explicitFileType = wrapper.application; includeInIndex = 0; path = BAH_Application.app; sourceTree = BUILT_PRODUCTS_DIR; };
		820860DE219F8D2700BCAED0 /* AppDelegate.swift */ = {isa = PBXFileReference; lastKnownFileType = sourcecode.swift; path = AppDelegate.swift; sourceTree = "<group>"; };
		820860E0219F8D2700BCAED0 /* MainViewController.swift */ = {isa = PBXFileReference; lastKnownFileType = sourcecode.swift; path = MainViewController.swift; sourceTree = "<group>"; };
		820860E3219F8D2700BCAED0 /* Base */ = {isa = PBXFileReference; lastKnownFileType = file.storyboard; name = Base; path = Base.lproj/Main.storyboard; sourceTree = "<group>"; };
		820860E6219F8D2700BCAED0 /* BAH_FinalProject_V1.xcdatamodel */ = {isa = PBXFileReference; lastKnownFileType = wrapper.xcdatamodel; path = BAH_FinalProject_V1.xcdatamodel; sourceTree = "<group>"; };
		820860E8219F8D2800BCAED0 /* Assets.xcassets */ = {isa = PBXFileReference; lastKnownFileType = folder.assetcatalog; path = Assets.xcassets; sourceTree = "<group>"; };
		820860EB219F8D2800BCAED0 /* Base */ = {isa = PBXFileReference; lastKnownFileType = file.storyboard; name = Base; path = Base.lproj/LaunchScreen.storyboard; sourceTree = "<group>"; };
		820860ED219F8D2800BCAED0 /* Info.plist */ = {isa = PBXFileReference; lastKnownFileType = text.plist.xml; path = Info.plist; sourceTree = "<group>"; };
		825EEDE021BC5F18003FE13A /* NutritionData.swift */ = {isa = PBXFileReference; lastKnownFileType = sourcecode.swift; path = NutritionData.swift; sourceTree = "<group>"; };
		825EEDE221BC75D8003FE13A /* austin.gpx */ = {isa = PBXFileReference; lastKnownFileType = text.xml; path = austin.gpx; sourceTree = "<group>"; };
		825EEDE321BC77BB003FE13A /* Item+CoreDataClass.swift */ = {isa = PBXFileReference; lastKnownFileType = sourcecode.swift; path = "Item+CoreDataClass.swift"; sourceTree = "<group>"; };
		825EEDE421BC77BB003FE13A /* Item+CoreDataProperties.swift */ = {isa = PBXFileReference; lastKnownFileType = sourcecode.swift; path = "Item+CoreDataProperties.swift"; sourceTree = "<group>"; };
		825EEDE521BC77BB003FE13A /* GroceryList+CoreDataClass.swift */ = {isa = PBXFileReference; lastKnownFileType = sourcecode.swift; path = "GroceryList+CoreDataClass.swift"; sourceTree = "<group>"; };
		825EEDE621BC77BB003FE13A /* GroceryList+CoreDataProperties.swift */ = {isa = PBXFileReference; lastKnownFileType = sourcecode.swift; path = "GroceryList+CoreDataProperties.swift"; sourceTree = "<group>"; };
		C0795C8721B9CAAB00241ACB /* LogoGraphic.swift */ = {isa = PBXFileReference; lastKnownFileType = sourcecode.swift; path = LogoGraphic.swift; sourceTree = "<group>"; };
		CC0F304521A4E0130099EBBA /* GroceryImages.bundle */ = {isa = PBXFileReference; lastKnownFileType = "wrapper.plug-in"; path = GroceryImages.bundle; sourceTree = "<group>"; };
		CC0F305F21A69DEE0099EBBA /* Globals.swift */ = {isa = PBXFileReference; lastKnownFileType = sourcecode.swift; path = Globals.swift; sourceTree = "<group>"; };
		CC0F306121A6A1400099EBBA /* CustomItemViewController.swift */ = {isa = PBXFileReference; lastKnownFileType = sourcecode.swift; path = CustomItemViewController.swift; sourceTree = "<group>"; };
		CC0F306321AA09670099EBBA /* GroceryListViewController.swift */ = {isa = PBXFileReference; lastKnownFileType = sourcecode.swift; path = GroceryListViewController.swift; sourceTree = "<group>"; };
		CC0F306521AA0F7A0099EBBA /* GroceryListTableViewCell.swift */ = {isa = PBXFileReference; lastKnownFileType = sourcecode.swift; path = GroceryListTableViewCell.swift; sourceTree = "<group>"; };
		CC9F24D921A399A8002D5240 /* GroceryImagesCollectionViewCell.swift */ = {isa = PBXFileReference; lastKnownFileType = sourcecode.swift; path = GroceryImagesCollectionViewCell.swift; sourceTree = "<group>"; };
		CCA2AA9221B65E7500E61B12 /* AddButton.swift */ = {isa = PBXFileReference; lastKnownFileType = sourcecode.swift; path = AddButton.swift; sourceTree = "<group>"; };
		CCA2AA9421B79D0A00E61B12 /* NutritionsAPI.swift */ = {isa = PBXFileReference; lastKnownFileType = sourcecode.swift; path = NutritionsAPI.swift; sourceTree = "<group>"; };
		CCF8324021B4C4D70012026F /* GroceryItemTableViewCell.swift */ = {isa = PBXFileReference; lastKnownFileType = sourcecode.swift; path = GroceryItemTableViewCell.swift; sourceTree = "<group>"; };
/* End PBXFileReference section */

/* Begin PBXFrameworksBuildPhase section */
		820860D8219F8D2700BCAED0 /* Frameworks */ = {
			isa = PBXFrameworksBuildPhase;
			buildActionMask = 2147483647;
			files = (
			);
			runOnlyForDeploymentPostprocessing = 0;
		};
/* End PBXFrameworksBuildPhase section */

/* Begin PBXGroup section */
		820860D2219F8D2700BCAED0 = {
			isa = PBXGroup;
			children = (
				820860DD219F8D2700BCAED0 /* BAH_Application */,
				820860DC219F8D2700BCAED0 /* Products */,
			);
			sourceTree = "<group>";
		};
		820860DC219F8D2700BCAED0 /* Products */ = {
			isa = PBXGroup;
			children = (
				820860DB219F8D2700BCAED0 /* BAH_Application.app */,
			);
			name = Products;
			sourceTree = "<group>";
		};
		820860DD219F8D2700BCAED0 /* BAH_Application */ = {
			isa = PBXGroup;
			children = (
				825EEDE321BC77BB003FE13A /* Item+CoreDataClass.swift */,
				825EEDE421BC77BB003FE13A /* Item+CoreDataProperties.swift */,
				825EEDE521BC77BB003FE13A /* GroceryList+CoreDataClass.swift */,
				825EEDE621BC77BB003FE13A /* GroceryList+CoreDataProperties.swift */,
				825EEDE221BC75D8003FE13A /* austin.gpx */,
				C0795C8721B9CAAB00241ACB /* LogoGraphic.swift */,
				CCA2AA9221B65E7500E61B12 /* AddButton.swift */,
				820860DE219F8D2700BCAED0 /* AppDelegate.swift */,
				820860E0219F8D2700BCAED0 /* MainViewController.swift */,
				820860E2219F8D2700BCAED0 /* Main.storyboard */,
				CC0F306121A6A1400099EBBA /* CustomItemViewController.swift */,
				825EEDE021BC5F18003FE13A /* NutritionData.swift */,
				60BAA36D21AA4FB40049DC25 /* MapViewController.swift */,
				820860E8219F8D2800BCAED0 /* Assets.xcassets */,
				820860EA219F8D2800BCAED0 /* LaunchScreen.storyboard */,
				CC0F304521A4E0130099EBBA /* GroceryImages.bundle */,
				820860ED219F8D2800BCAED0 /* Info.plist */,
				820860E5219F8D2700BCAED0 /* BAH_Application.xcdatamodeld */,
				CC9F24D921A399A8002D5240 /* GroceryImagesCollectionViewCell.swift */,
				6027E7EA21A3CAB700887BCB /* AddItemViewController.swift */,
				CC0F305F21A69DEE0099EBBA /* Globals.swift */,
				CC0F306321AA09670099EBBA /* GroceryListViewController.swift */,
				CC0F306521AA0F7A0099EBBA /* GroceryListTableViewCell.swift */,
				CCF8324021B4C4D70012026F /* GroceryItemTableViewCell.swift */,
				CCA2AA9421B79D0A00E61B12 /* NutritionsAPI.swift */,
			);
			path = BAH_Application;
			sourceTree = "<group>";
		};
/* End PBXGroup section */

/* Begin PBXNativeTarget section */
		820860DA219F8D2700BCAED0 /* BAH_Application */ = {
			isa = PBXNativeTarget;
			buildConfigurationList = 820860F0219F8D2800BCAED0 /* Build configuration list for PBXNativeTarget "BAH_Application" */;
			buildPhases = (
				820860D7219F8D2700BCAED0 /* Sources */,
				820860D8219F8D2700BCAED0 /* Frameworks */,
				820860D9219F8D2700BCAED0 /* Resources */,
			);
			buildRules = (
			);
			dependencies = (
			);
			name = BAH_Application;
			productName = BAH_FinalProject_V1;
			productReference = 820860DB219F8D2700BCAED0 /* BAH_Application.app */;
			productType = "com.apple.product-type.application";
		};
/* End PBXNativeTarget section */

/* Begin PBXProject section */
		820860D3219F8D2700BCAED0 /* Project object */ = {
			isa = PBXProject;
			attributes = {
				LastSwiftUpdateCheck = 0940;
				LastUpgradeCheck = 0940;
				ORGANIZATIONNAME = BAH;
				TargetAttributes = {
					820860DA219F8D2700BCAED0 = {
						CreatedOnToolsVersion = 9.4;
						ProvisioningStyle = Automatic;
						SystemCapabilities = {
							com.apple.Maps.iOS = {
								enabled = 0;
							};
						};
					};
				};
			};
			buildConfigurationList = 820860D6219F8D2700BCAED0 /* Build configuration list for PBXProject "BAH_Application" */;
			compatibilityVersion = "Xcode 8.0";
			developmentRegion = en;
			hasScannedForEncodings = 0;
			knownRegions = (
				en,
				Base,
			);
			mainGroup = 820860D2219F8D2700BCAED0;
			productRefGroup = 820860DC219F8D2700BCAED0 /* Products */;
			projectDirPath = "";
			projectRoot = "";
			targets = (
				820860DA219F8D2700BCAED0 /* BAH_Application */,
			);
		};
/* End PBXProject section */

/* Begin PBXResourcesBuildPhase section */
		820860D9219F8D2700BCAED0 /* Resources */ = {
			isa = PBXResourcesBuildPhase;
			buildActionMask = 2147483647;
			files = (
				820860EC219F8D2800BCAED0 /* LaunchScreen.storyboard in Resources */,
				CC0F304621A4E0130099EBBA /* GroceryImages.bundle in Resources */,
				820860E9219F8D2800BCAED0 /* Assets.xcassets in Resources */,
				820860E4219F8D2700BCAED0 /* Main.storyboard in Resources */,
			);
			runOnlyForDeploymentPostprocessing = 0;
		};
/* End PBXResourcesBuildPhase section */

/* Begin PBXSourcesBuildPhase section */
		820860D7219F8D2700BCAED0 /* Sources */ = {
			isa = PBXSourcesBuildPhase;
			buildActionMask = 2147483647;
			files = (
				6027E7EB21A3CAB700887BCB /* AddItemViewController.swift in Sources */,
				825EEDE121BC5F18003FE13A /* NutritionData.swift in Sources */,
				C0795C8821B9CAAB00241ACB /* LogoGraphic.swift in Sources */,
				825EEDEA21BC77BB003FE13A /* GroceryList+CoreDataProperties.swift in Sources */,
				820860E1219F8D2700BCAED0 /* MainViewController.swift in Sources */,
				CC0F306621AA0F7A0099EBBA /* GroceryListTableViewCell.swift in Sources */,
				820860E7219F8D2700BCAED0 /* BAH_Application.xcdatamodeld in Sources */,
				825EEDE721BC77BB003FE13A /* Item+CoreDataClass.swift in Sources */,
				820860DF219F8D2700BCAED0 /* AppDelegate.swift in Sources */,
				CC9F24DA21A399A8002D5240 /* GroceryImagesCollectionViewCell.swift in Sources */,
				CC0F306221A6A1400099EBBA /* CustomItemViewController.swift in Sources */,
				CC0F306421AA09670099EBBA /* GroceryListViewController.swift in Sources */,
				825EEDE921BC77BB003FE13A /* GroceryList+CoreDataClass.swift in Sources */,
				CCF8324121B4C4D70012026F /* GroceryItemTableViewCell.swift in Sources */,
				CCA2AA9521B79D0A00E61B12 /* NutritionsAPI.swift in Sources */,
				CC0F306021A69DEE0099EBBA /* Globals.swift in Sources */,
				60BAA36E21AA4FB40049DC25 /* MapViewController.swift in Sources */,
				825EEDE821BC77BB003FE13A /* Item+CoreDataProperties.swift in Sources */,
				CCA2AA9321B65E7500E61B12 /* AddButton.swift in Sources */,
			);
			runOnlyForDeploymentPostprocessing = 0;
		};
/* End PBXSourcesBuildPhase section */

/* Begin PBXVariantGroup section */
		820860E2219F8D2700BCAED0 /* Main.storyboard */ = {
			isa = PBXVariantGroup;
			children = (
				820860E3219F8D2700BCAED0 /* Base */,
			);
			name = Main.storyboard;
			sourceTree = "<group>";
		};
		820860EA219F8D2800BCAED0 /* LaunchScreen.storyboard */ = {
			isa = PBXVariantGroup;
			children = (
				820860EB219F8D2800BCAED0 /* Base */,
			);
			name = LaunchScreen.storyboard;
			sourceTree = "<group>";
		};
/* End PBXVariantGroup section */

/* Begin XCBuildConfiguration section */
		820860EE219F8D2800BCAED0 /* Debug */ = {
			isa = XCBuildConfiguration;
			buildSettings = {
				ALWAYS_SEARCH_USER_PATHS = NO;
				CLANG_ANALYZER_NONNULL = YES;
				CLANG_ANALYZER_NUMBER_OBJECT_CONVERSION = YES_AGGRESSIVE;
				CLANG_CXX_LANGUAGE_STANDARD = "gnu++14";
				CLANG_CXX_LIBRARY = "libc++";
				CLANG_ENABLE_MODULES = YES;
				CLANG_ENABLE_OBJC_ARC = YES;
				CLANG_ENABLE_OBJC_WEAK = YES;
				CLANG_WARN_BLOCK_CAPTURE_AUTORELEASING = YES;
				CLANG_WARN_BOOL_CONVERSION = YES;
				CLANG_WARN_COMMA = YES;
				CLANG_WARN_CONSTANT_CONVERSION = YES;
				CLANG_WARN_DEPRECATED_OBJC_IMPLEMENTATIONS = YES;
				CLANG_WARN_DIRECT_OBJC_ISA_USAGE = YES_ERROR;
				CLANG_WARN_DOCUMENTATION_COMMENTS = YES;
				CLANG_WARN_EMPTY_BODY = YES;
				CLANG_WARN_ENUM_CONVERSION = YES;
				CLANG_WARN_INFINITE_RECURSION = YES;
				CLANG_WARN_INT_CONVERSION = YES;
				CLANG_WARN_NON_LITERAL_NULL_CONVERSION = YES;
				CLANG_WARN_OBJC_IMPLICIT_RETAIN_SELF = YES;
				CLANG_WARN_OBJC_LITERAL_CONVERSION = YES;
				CLANG_WARN_OBJC_ROOT_CLASS = YES_ERROR;
				CLANG_WARN_RANGE_LOOP_ANALYSIS = YES;
				CLANG_WARN_STRICT_PROTOTYPES = YES;
				CLANG_WARN_SUSPICIOUS_MOVE = YES;
				CLANG_WARN_UNGUARDED_AVAILABILITY = YES_AGGRESSIVE;
				CLANG_WARN_UNREACHABLE_CODE = YES;
				CLANG_WARN__DUPLICATE_METHOD_MATCH = YES;
				CODE_SIGN_IDENTITY = "iPhone Developer";
				COPY_PHASE_STRIP = NO;
				DEBUG_INFORMATION_FORMAT = dwarf;
				ENABLE_STRICT_OBJC_MSGSEND = YES;
				ENABLE_TESTABILITY = YES;
				GCC_C_LANGUAGE_STANDARD = gnu11;
				GCC_DYNAMIC_NO_PIC = NO;
				GCC_NO_COMMON_BLOCKS = YES;
				GCC_OPTIMIZATION_LEVEL = 0;
				GCC_PREPROCESSOR_DEFINITIONS = (
					"DEBUG=1",
					"$(inherited)",
				);
				GCC_WARN_64_TO_32_BIT_CONVERSION = YES;
				GCC_WARN_ABOUT_RETURN_TYPE = YES_ERROR;
				GCC_WARN_UNDECLARED_SELECTOR = YES;
				GCC_WARN_UNINITIALIZED_AUTOS = YES_AGGRESSIVE;
				GCC_WARN_UNUSED_FUNCTION = YES;
				GCC_WARN_UNUSED_VARIABLE = YES;
				IPHONEOS_DEPLOYMENT_TARGET = 11.4;
				MTL_ENABLE_DEBUG_INFO = YES;
				ONLY_ACTIVE_ARCH = YES;
				SDKROOT = iphoneos;
				SWIFT_ACTIVE_COMPILATION_CONDITIONS = DEBUG;
				SWIFT_OPTIMIZATION_LEVEL = "-Onone";
			};
			name = Debug;
		};
		820860EF219F8D2800BCAED0 /* Release */ = {
			isa = XCBuildConfiguration;
			buildSettings = {
				ALWAYS_SEARCH_USER_PATHS = NO;
				CLANG_ANALYZER_NONNULL = YES;
				CLANG_ANALYZER_NUMBER_OBJECT_CONVERSION = YES_AGGRESSIVE;
				CLANG_CXX_LANGUAGE_STANDARD = "gnu++14";
				CLANG_CXX_LIBRARY = "libc++";
				CLANG_ENABLE_MODULES = YES;
				CLANG_ENABLE_OBJC_ARC = YES;
				CLANG_ENABLE_OBJC_WEAK = YES;
				CLANG_WARN_BLOCK_CAPTURE_AUTORELEASING = YES;
				CLANG_WARN_BOOL_CONVERSION = YES;
				CLANG_WARN_COMMA = YES;
				CLANG_WARN_CONSTANT_CONVERSION = YES;
				CLANG_WARN_DEPRECATED_OBJC_IMPLEMENTATIONS = YES;
				CLANG_WARN_DIRECT_OBJC_ISA_USAGE = YES_ERROR;
				CLANG_WARN_DOCUMENTATION_COMMENTS = YES;
				CLANG_WARN_EMPTY_BODY = YES;
				CLANG_WARN_ENUM_CONVERSION = YES;
				CLANG_WARN_INFINITE_RECURSION = YES;
				CLANG_WARN_INT_CONVERSION = YES;
				CLANG_WARN_NON_LITERAL_NULL_CONVERSION = YES;
				CLANG_WARN_OBJC_IMPLICIT_RETAIN_SELF = YES;
				CLANG_WARN_OBJC_LITERAL_CONVERSION = YES;
				CLANG_WARN_OBJC_ROOT_CLASS = YES_ERROR;
				CLANG_WARN_RANGE_LOOP_ANALYSIS = YES;
				CLANG_WARN_STRICT_PROTOTYPES = YES;
				CLANG_WARN_SUSPICIOUS_MOVE = YES;
				CLANG_WARN_UNGUARDED_AVAILABILITY = YES_AGGRESSIVE;
				CLANG_WARN_UNREACHABLE_CODE = YES;
				CLANG_WARN__DUPLICATE_METHOD_MATCH = YES;
				CODE_SIGN_IDENTITY = "iPhone Developer";
				COPY_PHASE_STRIP = NO;
				DEBUG_INFORMATION_FORMAT = "dwarf-with-dsym";
				ENABLE_NS_ASSERTIONS = NO;
				ENABLE_STRICT_OBJC_MSGSEND = YES;
				GCC_C_LANGUAGE_STANDARD = gnu11;
				GCC_NO_COMMON_BLOCKS = YES;
				GCC_WARN_64_TO_32_BIT_CONVERSION = YES;
				GCC_WARN_ABOUT_RETURN_TYPE = YES_ERROR;
				GCC_WARN_UNDECLARED_SELECTOR = YES;
				GCC_WARN_UNINITIALIZED_AUTOS = YES_AGGRESSIVE;
				GCC_WARN_UNUSED_FUNCTION = YES;
				GCC_WARN_UNUSED_VARIABLE = YES;
				IPHONEOS_DEPLOYMENT_TARGET = 11.4;
				MTL_ENABLE_DEBUG_INFO = NO;
				SDKROOT = iphoneos;
				SWIFT_OPTIMIZATION_LEVEL = "-Owholemodule";
				VALIDATE_PRODUCT = YES;
			};
			name = Release;
		};
		820860F1219F8D2800BCAED0 /* Debug */ = {
			isa = XCBuildConfiguration;
			buildSettings = {
				ASSETCATALOG_COMPILER_APPICON_NAME = AppIcon;
				CODE_SIGN_STYLE = Automatic;
				INFOPLIST_FILE = BAH_Application/Info.plist;
				IPHONEOS_DEPLOYMENT_TARGET = 11.0;
				LD_RUNPATH_SEARCH_PATHS = "$(inherited) @executable_path/Frameworks";
				PRODUCT_BUNDLE_IDENTIFIER = com.cs329e;
				PRODUCT_NAME = "$(TARGET_NAME)";
				SWIFT_VERSION = 4.0;
				TARGETED_DEVICE_FAMILY = 1;
			};
			name = Debug;
		};
		820860F2219F8D2800BCAED0 /* Release */ = {
			isa = XCBuildConfiguration;
			buildSettings = {
				ASSETCATALOG_COMPILER_APPICON_NAME = AppIcon;
				CODE_SIGN_STYLE = Automatic;
				INFOPLIST_FILE = BAH_Application/Info.plist;
				IPHONEOS_DEPLOYMENT_TARGET = 11.0;
				LD_RUNPATH_SEARCH_PATHS = "$(inherited) @executable_path/Frameworks";
				PRODUCT_BUNDLE_IDENTIFIER = com.cs329e;
				PRODUCT_NAME = "$(TARGET_NAME)";
				SWIFT_VERSION = 4.0;
				TARGETED_DEVICE_FAMILY = 1;
			};
			name = Release;
		};
/* End XCBuildConfiguration section */

/* Begin XCConfigurationList section */
		820860D6219F8D2700BCAED0 /* Build configuration list for PBXProject "BAH_Application" */ = {
			isa = XCConfigurationList;
			buildConfigurations = (
				820860EE219F8D2800BCAED0 /* Debug */,
				820860EF219F8D2800BCAED0 /* Release */,
			);
			defaultConfigurationIsVisible = 0;
			defaultConfigurationName = Release;
		};
		820860F0219F8D2800BCAED0 /* Build configuration list for PBXNativeTarget "BAH_Application" */ = {
			isa = XCConfigurationList;
			buildConfigurations = (
				820860F1219F8D2800BCAED0 /* Debug */,
				820860F2219F8D2800BCAED0 /* Release */,
			);
			defaultConfigurationIsVisible = 0;
			defaultConfigurationName = Release;
		};
/* End XCConfigurationList section */

/* Begin XCVersionGroup section */
		820860E5219F8D2700BCAED0 /* BAH_Application.xcdatamodeld */ = {
			isa = XCVersionGroup;
			children = (
				820860E6219F8D2700BCAED0 /* BAH_FinalProject_V1.xcdatamodel */,
			);
			currentVersion = 820860E6219F8D2700BCAED0 /* BAH_FinalProject_V1.xcdatamodel */;
			path = BAH_Application.xcdatamodeld;
			sourceTree = "<group>";
			versionGroupType = wrapper.xcdatamodel;
		};
/* End XCVersionGroup section */
	};
	rootObject = 820860D3219F8D2700BCAED0 /* Project object */;
}
